{
  "name": "20240519test",
  "version": "1.0.0",
  "lockfileVersion": 3,
  "requires": true,
  "packages": {
    "": {
      "name": "20240519test",
      "version": "1.0.0",
      "license": "ISC",
      "dependencies": {
        "copy-symlink": "2.0.0"
      }
    },
    "node_modules/copy-symlink": {
      "version": "2.0.0",
      "resolved": "https://registry.npmjs.org/copy-symlink/-/copy-symlink-2.0.0.tgz",
      "integrity": "sha512-5zTbLb0sT5jLl/HK64+36JLwwqXXTwFCMFYPE9uHJN3BZwnZzwLnkHerT7wAPe+LIDmM5FKWW6xMfCGAklHSeg==",
      "license": "MIT",
      "engines": {
        "node": ">=10"
      }
    }
  }
}
